
Microsoft Visual Studio Solution File, Format Version 12.00
# Visual Studio Version 17
VisualStudioVersion = 17.6.33712.159
MinimumVisualStudioVersion = 10.0.40219.1
Project("{FAE04EC0-301F-11D3-BF4B-00C04F79EFBC}") = "TallerSoap", "TallerSoap.csproj", "{99C08A6F-7AA7-4D39-984F-198DF2846EAB}"
EndProject
Project("{FAE04EC0-301F-11D3-BF4B-00C04F79EFBC}") = "Cliente", "..\Cliente\Cliente.csproj", "{B6113D69-6483-47B8-B20C-10390CEE60B2}"
	ProjectSection(ProjectDependencies) = postProject
		{99C08A6F-7AA7-4D39-984F-198DF2846EAB} = {99C08A6F-7AA7-4D39-984F-198DF2846EAB}
	EndProjectSection
EndProject
Global
	GlobalSection(SolutionConfigurationPlatforms) = preSolution
		Debug|Any CPU = Debug|Any CPU
		Release|Any CPU = Release|Any CPU
	EndGlobalSection
	GlobalSection(ProjectConfigurationPlatforms) = postSolution
		{99C08A6F-7AA7-4D39-984F-198DF2846EAB}.Debug|Any CPU.ActiveCfg = Debug|Any CPU
		{99C08A6F-7AA7-4D39-984F-198DF2846EAB}.Debug|Any CPU.Build.0 = Debug|Any CPU
		{99C08A6F-7AA7-4D39-984F-198DF2846EAB}.Release|Any CPU.ActiveCfg = Release|Any CPU
		{99C08A6F-7AA7-4D39-984F-198DF2846EAB}.Release|Any CPU.Build.0 = Release|Any CPU
		{B6113D69-6483-47B8-B20C-10390CEE60B2}.Debug|Any CPU.ActiveCfg = Debug|Any CPU
		{B6113D69-6483-47B8-B20C-10390CEE60B2}.Debug|Any CPU.Build.0 = Debug|Any CPU
		{B6113D69-6483-47B8-B20C-10390CEE60B2}.Release|Any CPU.ActiveCfg = Release|Any CPU
		{B6113D69-6483-47B8-B20C-10390CEE60B2}.Release|Any CPU.Build.0 = Release|Any CPU
	EndGlobalSection
	GlobalSection(SolutionProperties) = preSolution
		HideSolutionNode = FALSE
	EndGlobalSection
	GlobalSection(ExtensibilityGlobals) = postSolution
		SolutionGuid = {330076DC-DE3B-4BED-8C18-51B2F0579F91}
	EndGlobalSection
EndGlobal
